
Microsoft Visual Studio Solution File, Format Version 12.00
# Visual Studio Version 16
VisualStudioVersion = 16.0.30523.141
MinimumVisualStudioVersion = 10.0.40219.1
Project("{FAE04EC0-301F-11D3-BF4B-00C04F79EFBC}") = "ProjektBudzetLacza", "ProjektBudzetLacza\ProjektBudzetLacza.csproj", "{176C1624-A143-45DA-95A8-9E002868E74B}"
EndProject
Project("{FAE04EC0-301F-11D3-BF4B-00C04F79EFBC}") = "Biblioteka", "Biblioteka\Biblioteka.csproj", "{8BCA43A0-91F8-452C-A33F-DADF836A5900}"
EndProject
Global
	GlobalSection(SolutionConfigurationPlatforms) = preSolution
		Debug|Any CPU = Debug|Any CPU
		Release|Any CPU = Release|Any CPU
	EndGlobalSection
	GlobalSection(ProjectConfigurationPlatforms) = postSolution
		{176C1624-A143-45DA-95A8-9E002868E74B}.Debug|Any CPU.ActiveCfg = Debug|Any CPU
		{176C1624-A143-45DA-95A8-9E002868E74B}.Debug|Any CPU.Build.0 = Debug|Any CPU
		{176C1624-A143-45DA-95A8-9E002868E74B}.Release|Any CPU.ActiveCfg = Release|Any CPU
		{176C1624-A143-45DA-95A8-9E002868E74B}.Release|Any CPU.Build.0 = Release|Any CPU
		{8BCA43A0-91F8-452C-A33F-DADF836A5900}.Debug|Any CPU.ActiveCfg = Debug|Any CPU
		{8BCA43A0-91F8-452C-A33F-DADF836A5900}.Debug|Any CPU.Build.0 = Debug|Any CPU
		{8BCA43A0-91F8-452C-A33F-DADF836A5900}.Release|Any CPU.ActiveCfg = Release|Any CPU
		{8BCA43A0-91F8-452C-A33F-DADF836A5900}.Release|Any CPU.Build.0 = Release|Any CPU
	EndGlobalSection
	GlobalSection(SolutionProperties) = preSolution
		HideSolutionNode = FALSE
	EndGlobalSection
	GlobalSection(ExtensibilityGlobals) = postSolution
		SolutionGuid = {647F23AE-AD79-485F-AEA1-FE6335A02E22}
	EndGlobalSection
EndGlobal
